
Microsoft Visual Studio Solution File, Format Version 12.00
# Visual Studio Version 17
VisualStudioVersion = 17.4.33122.133
MinimumVisualStudioVersion = 10.0.40219.1
Project("{8BC9CEB8-8B4A-11D0-8D11-00A0C91BC942}") = "TestingCppClrCs", "TestingCppClrCs\TestingCppClrCs.vcxproj", "{A7405505-529C-4EFC-9818-8BAD5F1921E5}"
EndProject
Project("{8BC9CEB8-8B4A-11D0-8D11-00A0C91BC942}") = "CppNative", "CppNative\CppNative.vcxproj", "{C22AC1F9-F28B-4B56-AC3F-2A26B4B2341E}"
EndProject
Project("{8BC9CEB8-8B4A-11D0-8D11-00A0C91BC942}") = "CppClassLibCLR", "CppClassLibCLR\CppClassLibCLR.vcxproj", "{1E5AB8BE-E26F-4566-B07B-672AEE4F6FA3}"
EndProject
Project("{8BC9CEB8-8B4A-11D0-8D11-00A0C91BC942}") = "CppNativeDll", "CppNativeDll\CppNativeDll.vcxproj", "{7D1CD25F-FC7E-4D48-9A0A-16C5511A0541}"
EndProject
Project("{FAE04EC0-301F-11D3-BF4B-00C04F79EFBC}") = "ClassLibraryCS", "ClassLibraryCS\ClassLibraryCS.csproj", "{066B7094-417D-4EA7-AC51-205BAD31913C}"
EndProject
Global
	GlobalSection(SolutionConfigurationPlatforms) = preSolution
		Debug|Any CPU = Debug|Any CPU
		Debug|x64 = Debug|x64
		Debug|x86 = Debug|x86
		Release|Any CPU = Release|Any CPU
		Release|x64 = Release|x64
		Release|x86 = Release|x86
	EndGlobalSection
	GlobalSection(ProjectConfigurationPlatforms) = postSolution
		{A7405505-529C-4EFC-9818-8BAD5F1921E5}.Debug|Any CPU.ActiveCfg = Debug|x64
		{A7405505-529C-4EFC-9818-8BAD5F1921E5}.Debug|Any CPU.Build.0 = Debug|x64
		{A7405505-529C-4EFC-9818-8BAD5F1921E5}.Debug|x64.ActiveCfg = Debug|x64
		{A7405505-529C-4EFC-9818-8BAD5F1921E5}.Debug|x64.Build.0 = Debug|x64
		{A7405505-529C-4EFC-9818-8BAD5F1921E5}.Debug|x86.ActiveCfg = Debug|Win32
		{A7405505-529C-4EFC-9818-8BAD5F1921E5}.Debug|x86.Build.0 = Debug|Win32
		{A7405505-529C-4EFC-9818-8BAD5F1921E5}.Release|Any CPU.ActiveCfg = Release|x64
		{A7405505-529C-4EFC-9818-8BAD5F1921E5}.Release|Any CPU.Build.0 = Release|x64
		{A7405505-529C-4EFC-9818-8BAD5F1921E5}.Release|x64.ActiveCfg = Release|x64
		{A7405505-529C-4EFC-9818-8BAD5F1921E5}.Release|x64.Build.0 = Release|x64
		{A7405505-529C-4EFC-9818-8BAD5F1921E5}.Release|x86.ActiveCfg = Release|Win32
		{A7405505-529C-4EFC-9818-8BAD5F1921E5}.Release|x86.Build.0 = Release|Win32
		{C22AC1F9-F28B-4B56-AC3F-2A26B4B2341E}.Debug|Any CPU.ActiveCfg = Debug|x64
		{C22AC1F9-F28B-4B56-AC3F-2A26B4B2341E}.Debug|Any CPU.Build.0 = Debug|x64
		{C22AC1F9-F28B-4B56-AC3F-2A26B4B2341E}.Debug|x64.ActiveCfg = Debug|x64
		{C22AC1F9-F28B-4B56-AC3F-2A26B4B2341E}.Debug|x64.Build.0 = Debug|x64
		{C22AC1F9-F28B-4B56-AC3F-2A26B4B2341E}.Debug|x86.ActiveCfg = Debug|Win32
		{C22AC1F9-F28B-4B56-AC3F-2A26B4B2341E}.Debug|x86.Build.0 = Debug|Win32
		{C22AC1F9-F28B-4B56-AC3F-2A26B4B2341E}.Release|Any CPU.ActiveCfg = Release|x64
		{C22AC1F9-F28B-4B56-AC3F-2A26B4B2341E}.Release|Any CPU.Build.0 = Release|x64
		{C22AC1F9-F28B-4B56-AC3F-2A26B4B2341E}.Release|x64.ActiveCfg = Release|x64
		{C22AC1F9-F28B-4B56-AC3F-2A26B4B2341E}.Release|x64.Build.0 = Release|x64
		{C22AC1F9-F28B-4B56-AC3F-2A26B4B2341E}.Release|x86.ActiveCfg = Release|Win32
		{C22AC1F9-F28B-4B56-AC3F-2A26B4B2341E}.Release|x86.Build.0 = Release|Win32
		{1E5AB8BE-E26F-4566-B07B-672AEE4F6FA3}.Debug|Any CPU.ActiveCfg = Debug|x64
		{1E5AB8BE-E26F-4566-B07B-672AEE4F6FA3}.Debug|Any CPU.Build.0 = Debug|x64
		{1E5AB8BE-E26F-4566-B07B-672AEE4F6FA3}.Debug|x64.ActiveCfg = Debug|x64
		{1E5AB8BE-E26F-4566-B07B-672AEE4F6FA3}.Debug|x64.Build.0 = Debug|x64
		{1E5AB8BE-E26F-4566-B07B-672AEE4F6FA3}.Debug|x86.ActiveCfg = Debug|Win32
		{1E5AB8BE-E26F-4566-B07B-672AEE4F6FA3}.Debug|x86.Build.0 = Debug|Win32
		{1E5AB8BE-E26F-4566-B07B-672AEE4F6FA3}.Release|Any CPU.ActiveCfg = Release|x64
		{1E5AB8BE-E26F-4566-B07B-672AEE4F6FA3}.Release|Any CPU.Build.0 = Release|x64
		{1E5AB8BE-E26F-4566-B07B-672AEE4F6FA3}.Release|x64.ActiveCfg = Release|x64
		{1E5AB8BE-E26F-4566-B07B-672AEE4F6FA3}.Release|x64.Build.0 = Release|x64
		{1E5AB8BE-E26F-4566-B07B-672AEE4F6FA3}.Release|x86.ActiveCfg = Release|Win32
		{1E5AB8BE-E26F-4566-B07B-672AEE4F6FA3}.Release|x86.Build.0 = Release|Win32
		{7D1CD25F-FC7E-4D48-9A0A-16C5511A0541}.Debug|Any CPU.ActiveCfg = Debug|x64
		{7D1CD25F-FC7E-4D48-9A0A-16C5511A0541}.Debug|Any CPU.Build.0 = Debug|x64
		{7D1CD25F-FC7E-4D48-9A0A-16C5511A0541}.Debug|x64.ActiveCfg = Debug|x64
		{7D1CD25F-FC7E-4D48-9A0A-16C5511A0541}.Debug|x64.Build.0 = Debug|x64
		{7D1CD25F-FC7E-4D48-9A0A-16C5511A0541}.Debug|x86.ActiveCfg = Debug|Win32
		{7D1CD25F-FC7E-4D48-9A0A-16C5511A0541}.Debug|x86.Build.0 = Debug|Win32
		{7D1CD25F-FC7E-4D48-9A0A-16C5511A0541}.Release|Any CPU.ActiveCfg = Release|x64
		{7D1CD25F-FC7E-4D48-9A0A-16C5511A0541}.Release|Any CPU.Build.0 = Release|x64
		{7D1CD25F-FC7E-4D48-9A0A-16C5511A0541}.Release|x64.ActiveCfg = Release|x64
		{7D1CD25F-FC7E-4D48-9A0A-16C5511A0541}.Release|x64.Build.0 = Release|x64
		{7D1CD25F-FC7E-4D48-9A0A-16C5511A0541}.Release|x86.ActiveCfg = Release|Win32
		{7D1CD25F-FC7E-4D48-9A0A-16C5511A0541}.Release|x86.Build.0 = Release|Win32
		{066B7094-417D-4EA7-AC51-205BAD31913C}.Debug|Any CPU.ActiveCfg = Debug|Any CPU
		{066B7094-417D-4EA7-AC51-205BAD31913C}.Debug|Any CPU.Build.0 = Debug|Any CPU
		{066B7094-417D-4EA7-AC51-205BAD31913C}.Debug|x64.ActiveCfg = Debug|Any CPU
		{066B7094-417D-4EA7-AC51-205BAD31913C}.Debug|x64.Build.0 = Debug|Any CPU
		{066B7094-417D-4EA7-AC51-205BAD31913C}.Debug|x86.ActiveCfg = Debug|Any CPU
		{066B7094-417D-4EA7-AC51-205BAD31913C}.Debug|x86.Build.0 = Debug|Any CPU
		{066B7094-417D-4EA7-AC51-205BAD31913C}.Release|Any CPU.ActiveCfg = Release|Any CPU
		{066B7094-417D-4EA7-AC51-205BAD31913C}.Release|Any CPU.Build.0 = Release|Any CPU
		{066B7094-417D-4EA7-AC51-205BAD31913C}.Release|x64.ActiveCfg = Release|Any CPU
		{066B7094-417D-4EA7-AC51-205BAD31913C}.Release|x64.Build.0 = Release|Any CPU
		{066B7094-417D-4EA7-AC51-205BAD31913C}.Release|x86.ActiveCfg = Release|Any CPU
		{066B7094-417D-4EA7-AC51-205BAD31913C}.Release|x86.Build.0 = Release|Any CPU
	EndGlobalSection
	GlobalSection(SolutionProperties) = preSolution
		HideSolutionNode = FALSE
	EndGlobalSection
	GlobalSection(ExtensibilityGlobals) = postSolution
		SolutionGuid = {5C980B30-057A-4059-8F0E-F8AF92FD61E1}
	EndGlobalSection
EndGlobal
